
Microsoft Visual Studio Solution File, Format Version 12.00
# Visual Studio Version 16
VisualStudioVersion = 16.0.33801.447
MinimumVisualStudioVersion = 10.0.40219.1
Project("{FAE04EC0-301F-11D3-BF4B-00C04F79EFBC}") = "OPCService", "OPCService\OPCService.csproj", "{625E33D2-A755-46F1-980E-A44436EE09A6}"
EndProject
Global
	GlobalSection(SolutionConfigurationPlatforms) = preSolution
		Debug|Any CPU = Debug|Any CPU
		Release|Any CPU = Release|Any CPU
	EndGlobalSection
	GlobalSection(ProjectConfigurationPlatforms) = postSolution
		{625E33D2-A755-46F1-980E-A44436EE09A6}.Debug|Any CPU.ActiveCfg = Debug|Any CPU
		{625E33D2-A755-46F1-980E-A44436EE09A6}.Debug|Any CPU.Build.0 = Debug|Any CPU
		{625E33D2-A755-46F1-980E-A44436EE09A6}.Release|Any CPU.ActiveCfg = Release|Any CPU
		{625E33D2-A755-46F1-980E-A44436EE09A6}.Release|Any CPU.Build.0 = Release|Any CPU
	EndGlobalSection
	GlobalSection(SolutionProperties) = preSolution
		HideSolutionNode = FALSE
	EndGlobalSection
	GlobalSection(ExtensibilityGlobals) = postSolution
		SolutionGuid = {3500C57C-7822-4221-892B-CC0265BC5115}
	EndGlobalSection
EndGlobal
